
Microsoft Visual Studio Solution File, Format Version 12.00
# Visual Studio Version 17
VisualStudioVersion = 17.0.31612.314
MinimumVisualStudioVersion = 10.0.40219.1
Project("{9A19103F-16F7-4668-BE54-9A1E7A4F7556}") = "wordslab.installer", "wordslab.installer\wordslab.installer.csproj", "{882D3C41-A429-4E63-917A-A7FF1C70E51C}"
EndProject
Project("{9A19103F-16F7-4668-BE54-9A1E7A4F7556}") = "wordslab.documents", "wordslab.documents\wordslab.documents.csproj", "{795F7063-62DD-4B88-9F27-72B6A8F801BD}"
EndProject
Project("{2150E333-8FDC-42A3-9474-1A3956D46DE8}") = "dependencies", "dependencies", "{974E0D06-5927-4110-A9C8-03AD9579985E}"
EndProject
Project("{9A19103F-16F7-4668-BE54-9A1E7A4F7556}") = "AngleSharp", "AngleSharp\AngleSharp.csproj", "{761CC664-0ABE-471D-ADBB-973B44560339}"
EndProject
Project("{9A19103F-16F7-4668-BE54-9A1E7A4F7556}") = "AngleSharp.Css", "AngleSharp.Css\AngleSharp.Css.csproj", "{65879134-FEF5-445C-9B49-E26BAE5EC584}"
EndProject
Project("{9A19103F-16F7-4668-BE54-9A1E7A4F7556}") = "NRobotsCore", "NRobotsCore\NRobotsCore.csproj", "{66E55012-8334-4C97-A48C-060193F18977}"
EndProject
Project("{9A19103F-16F7-4668-BE54-9A1E7A4F7556}") = "Abot", "Abot\Abot.csproj", "{D34FA3C4-F258-4438-896B-862FB7C88353}"
EndProject
Project("{9A19103F-16F7-4668-BE54-9A1E7A4F7556}") = "wordslab.web", "wordslab.web\wordslab.web.csproj", "{056A2AAF-0778-4AD7-9C28-383E34B0C350}"
EndProject
Project("{FAE04EC0-301F-11D3-BF4B-00C04F79EFBC}") = "wordslab.documents.test", "wordslab.documents.test\wordslab.documents.test.csproj", "{5A4D30F9-C872-40D9-803C-71F6D612E00E}"
EndProject
Global
	GlobalSection(SolutionConfigurationPlatforms) = preSolution
		Debug|Any CPU = Debug|Any CPU
		Release|Any CPU = Release|Any CPU
	EndGlobalSection
	GlobalSection(ProjectConfigurationPlatforms) = postSolution
		{882D3C41-A429-4E63-917A-A7FF1C70E51C}.Debug|Any CPU.ActiveCfg = Debug|Any CPU
		{882D3C41-A429-4E63-917A-A7FF1C70E51C}.Debug|Any CPU.Build.0 = Debug|Any CPU
		{882D3C41-A429-4E63-917A-A7FF1C70E51C}.Release|Any CPU.ActiveCfg = Release|Any CPU
		{882D3C41-A429-4E63-917A-A7FF1C70E51C}.Release|Any CPU.Build.0 = Release|Any CPU
		{795F7063-62DD-4B88-9F27-72B6A8F801BD}.Debug|Any CPU.ActiveCfg = Debug|Any CPU
		{795F7063-62DD-4B88-9F27-72B6A8F801BD}.Debug|Any CPU.Build.0 = Debug|Any CPU
		{795F7063-62DD-4B88-9F27-72B6A8F801BD}.Release|Any CPU.ActiveCfg = Release|Any CPU
		{795F7063-62DD-4B88-9F27-72B6A8F801BD}.Release|Any CPU.Build.0 = Release|Any CPU
		{761CC664-0ABE-471D-ADBB-973B44560339}.Debug|Any CPU.ActiveCfg = Debug|Any CPU
		{761CC664-0ABE-471D-ADBB-973B44560339}.Debug|Any CPU.Build.0 = Debug|Any CPU
		{761CC664-0ABE-471D-ADBB-973B44560339}.Release|Any CPU.ActiveCfg = Release|Any CPU
		{761CC664-0ABE-471D-ADBB-973B44560339}.Release|Any CPU.Build.0 = Release|Any CPU
		{65879134-FEF5-445C-9B49-E26BAE5EC584}.Debug|Any CPU.ActiveCfg = Debug|Any CPU
		{65879134-FEF5-445C-9B49-E26BAE5EC584}.Debug|Any CPU.Build.0 = Debug|Any CPU
		{65879134-FEF5-445C-9B49-E26BAE5EC584}.Release|Any CPU.ActiveCfg = Release|Any CPU
		{65879134-FEF5-445C-9B49-E26BAE5EC584}.Release|Any CPU.Build.0 = Release|Any CPU
		{66E55012-8334-4C97-A48C-060193F18977}.Debug|Any CPU.ActiveCfg = Debug|Any CPU
		{66E55012-8334-4C97-A48C-060193F18977}.Debug|Any CPU.Build.0 = Debug|Any CPU
		{66E55012-8334-4C97-A48C-060193F18977}.Release|Any CPU.ActiveCfg = Release|Any CPU
		{66E55012-8334-4C97-A48C-060193F18977}.Release|Any CPU.Build.0 = Release|Any CPU
		{D34FA3C4-F258-4438-896B-862FB7C88353}.Debug|Any CPU.ActiveCfg = Debug|Any CPU
		{D34FA3C4-F258-4438-896B-862FB7C88353}.Debug|Any CPU.Build.0 = Debug|Any CPU
		{D34FA3C4-F258-4438-896B-862FB7C88353}.Release|Any CPU.ActiveCfg = Release|Any CPU
		{D34FA3C4-F258-4438-896B-862FB7C88353}.Release|Any CPU.Build.0 = Release|Any CPU
		{056A2AAF-0778-4AD7-9C28-383E34B0C350}.Debug|Any CPU.ActiveCfg = Debug|Any CPU
		{056A2AAF-0778-4AD7-9C28-383E34B0C350}.Debug|Any CPU.Build.0 = Debug|Any CPU
		{056A2AAF-0778-4AD7-9C28-383E34B0C350}.Release|Any CPU.ActiveCfg = Release|Any CPU
		{056A2AAF-0778-4AD7-9C28-383E34B0C350}.Release|Any CPU.Build.0 = Release|Any CPU
		{5A4D30F9-C872-40D9-803C-71F6D612E00E}.Debug|Any CPU.ActiveCfg = Debug|Any CPU
		{5A4D30F9-C872-40D9-803C-71F6D612E00E}.Debug|Any CPU.Build.0 = Debug|Any CPU
		{5A4D30F9-C872-40D9-803C-71F6D612E00E}.Release|Any CPU.ActiveCfg = Release|Any CPU
		{5A4D30F9-C872-40D9-803C-71F6D612E00E}.Release|Any CPU.Build.0 = Release|Any CPU
	EndGlobalSection
	GlobalSection(SolutionProperties) = preSolution
		HideSolutionNode = FALSE
	EndGlobalSection
	GlobalSection(NestedProjects) = preSolution
		{761CC664-0ABE-471D-ADBB-973B44560339} = {974E0D06-5927-4110-A9C8-03AD9579985E}
		{65879134-FEF5-445C-9B49-E26BAE5EC584} = {974E0D06-5927-4110-A9C8-03AD9579985E}
		{66E55012-8334-4C97-A48C-060193F18977} = {974E0D06-5927-4110-A9C8-03AD9579985E}
		{D34FA3C4-F258-4438-896B-862FB7C88353} = {974E0D06-5927-4110-A9C8-03AD9579985E}
	EndGlobalSection
	GlobalSection(ExtensibilityGlobals) = postSolution
		SolutionGuid = {31BC8F40-4C87-42F2-B153-466DF3226E14}
	EndGlobalSection
EndGlobal
